
Microsoft Visual Studio Solution File, Format Version 12.00
# Visual Studio Version 17
VisualStudioVersion = 17.7.34031.279
MinimumVisualStudioVersion = 10.0.40219.1
Project("{9A19103F-16F7-4668-BE54-9A1E7A4F7556}") = "TrustyORM", "TrustyORM\TrustyORM.csproj", "{9113FE5F-381C-46A1-AB74-671800CE2BC3}"
EndProject
Project("{9A19103F-16F7-4668-BE54-9A1E7A4F7556}") = "TrustyTest", "TrustyTest\TrustyTest.csproj", "{38EF8E61-464E-4586-9BBE-965213DF7334}"
EndProject
Project("{9A19103F-16F7-4668-BE54-9A1E7A4F7556}") = "TrustyUnitTests", "TrustyUnitTests\TrustyUnitTests.csproj", "{ABCB50AB-58C0-408E-84F9-212B75B63DE4}"
EndProject
Project("{FAE04EC0-301F-11D3-BF4B-00C04F79EFBC}") = "TrustyBencmarks", "TrustyBencmarks\TrustyBencmarks.csproj", "{F5CA61DD-F864-4F1B-87F0-66CD901CB975}"
EndProject
Global
	GlobalSection(SolutionConfigurationPlatforms) = preSolution
		Debug|Any CPU = Debug|Any CPU
		Release|Any CPU = Release|Any CPU
	EndGlobalSection
	GlobalSection(ProjectConfigurationPlatforms) = postSolution
		{9113FE5F-381C-46A1-AB74-671800CE2BC3}.Debug|Any CPU.ActiveCfg = Debug|Any CPU
		{9113FE5F-381C-46A1-AB74-671800CE2BC3}.Debug|Any CPU.Build.0 = Debug|Any CPU
		{9113FE5F-381C-46A1-AB74-671800CE2BC3}.Release|Any CPU.ActiveCfg = Release|Any CPU
		{9113FE5F-381C-46A1-AB74-671800CE2BC3}.Release|Any CPU.Build.0 = Release|Any CPU
		{38EF8E61-464E-4586-9BBE-965213DF7334}.Debug|Any CPU.ActiveCfg = Debug|Any CPU
		{38EF8E61-464E-4586-9BBE-965213DF7334}.Debug|Any CPU.Build.0 = Debug|Any CPU
		{38EF8E61-464E-4586-9BBE-965213DF7334}.Release|Any CPU.ActiveCfg = Release|Any CPU
		{38EF8E61-464E-4586-9BBE-965213DF7334}.Release|Any CPU.Build.0 = Release|Any CPU
		{ABCB50AB-58C0-408E-84F9-212B75B63DE4}.Debug|Any CPU.ActiveCfg = Debug|Any CPU
		{ABCB50AB-58C0-408E-84F9-212B75B63DE4}.Debug|Any CPU.Build.0 = Debug|Any CPU
		{ABCB50AB-58C0-408E-84F9-212B75B63DE4}.Release|Any CPU.ActiveCfg = Release|Any CPU
		{ABCB50AB-58C0-408E-84F9-212B75B63DE4}.Release|Any CPU.Build.0 = Release|Any CPU
		{F5CA61DD-F864-4F1B-87F0-66CD901CB975}.Debug|Any CPU.ActiveCfg = Release|Any CPU
		{F5CA61DD-F864-4F1B-87F0-66CD901CB975}.Debug|Any CPU.Build.0 = Release|Any CPU
		{F5CA61DD-F864-4F1B-87F0-66CD901CB975}.Release|Any CPU.ActiveCfg = Release|Any CPU
		{F5CA61DD-F864-4F1B-87F0-66CD901CB975}.Release|Any CPU.Build.0 = Release|Any CPU
	EndGlobalSection
	GlobalSection(SolutionProperties) = preSolution
		HideSolutionNode = FALSE
	EndGlobalSection
	GlobalSection(ExtensibilityGlobals) = postSolution
		SolutionGuid = {A4D12D23-1603-49A8-A7B8-9FEE0E827DC8}
	EndGlobalSection
EndGlobal
